
Microsoft Visual Studio Solution File, Format Version 12.00
# Visual Studio Version 17
VisualStudioVersion = 17.0.31903.59
MinimumVisualStudioVersion = 10.0.40219.1
Project("{9A19103F-16F7-4668-BE54-9A1E7A4F7556}") = "Order", "FirstService\Order.csproj", "{998AC276-086F-436A-A81D-7F87000E8231}"
EndProject
Project("{9A19103F-16F7-4668-BE54-9A1E7A4F7556}") = "Inventory", "Inventory\Inventory.csproj", "{EB08BF12-C7C0-4931-9435-5C7AAB7C05D6}"
EndProject
Project("{9A19103F-16F7-4668-BE54-9A1E7A4F7556}") = "Saga.Orchestrator", "Saga.Orchestrator\Saga.Orchestrator.csproj", "{804F3FF0-87C2-4DB5-9F54-3FC1A1C4E440}"
EndProject
Project("{9A19103F-16F7-4668-BE54-9A1E7A4F7556}") = "Notifier", "Notifier\Notifier.csproj", "{CFEB6579-63BB-4FD5-B6A2-40CA7C0BC46B}"
EndProject
Project("{9A19103F-16F7-4668-BE54-9A1E7A4F7556}") = "Shared", "Shared\Shared.csproj", "{FB3F9238-00AB-4AD3-A565-EB490B8F17C8}"
EndProject
Project("{E53339B2-1760-4266-BCC7-CA923CBCF16C}") = "docker-compose", "docker-compose.dcproj", "{DC739D25-7E19-4910-9BA8-22ED541FFF2B}"
EndProject
Global
	GlobalSection(SolutionConfigurationPlatforms) = preSolution
		Debug|Any CPU = Debug|Any CPU
		Release|Any CPU = Release|Any CPU
	EndGlobalSection
	GlobalSection(ProjectConfigurationPlatforms) = postSolution
		{998AC276-086F-436A-A81D-7F87000E8231}.Debug|Any CPU.ActiveCfg = Debug|Any CPU
		{998AC276-086F-436A-A81D-7F87000E8231}.Debug|Any CPU.Build.0 = Debug|Any CPU
		{998AC276-086F-436A-A81D-7F87000E8231}.Release|Any CPU.ActiveCfg = Release|Any CPU
		{998AC276-086F-436A-A81D-7F87000E8231}.Release|Any CPU.Build.0 = Release|Any CPU
		{EB08BF12-C7C0-4931-9435-5C7AAB7C05D6}.Debug|Any CPU.ActiveCfg = Debug|Any CPU
		{EB08BF12-C7C0-4931-9435-5C7AAB7C05D6}.Debug|Any CPU.Build.0 = Debug|Any CPU
		{EB08BF12-C7C0-4931-9435-5C7AAB7C05D6}.Release|Any CPU.ActiveCfg = Release|Any CPU
		{EB08BF12-C7C0-4931-9435-5C7AAB7C05D6}.Release|Any CPU.Build.0 = Release|Any CPU
		{804F3FF0-87C2-4DB5-9F54-3FC1A1C4E440}.Debug|Any CPU.ActiveCfg = Debug|Any CPU
		{804F3FF0-87C2-4DB5-9F54-3FC1A1C4E440}.Debug|Any CPU.Build.0 = Debug|Any CPU
		{804F3FF0-87C2-4DB5-9F54-3FC1A1C4E440}.Release|Any CPU.ActiveCfg = Release|Any CPU
		{804F3FF0-87C2-4DB5-9F54-3FC1A1C4E440}.Release|Any CPU.Build.0 = Release|Any CPU
		{CFEB6579-63BB-4FD5-B6A2-40CA7C0BC46B}.Debug|Any CPU.ActiveCfg = Debug|Any CPU
		{CFEB6579-63BB-4FD5-B6A2-40CA7C0BC46B}.Debug|Any CPU.Build.0 = Debug|Any CPU
		{CFEB6579-63BB-4FD5-B6A2-40CA7C0BC46B}.Release|Any CPU.ActiveCfg = Release|Any CPU
		{CFEB6579-63BB-4FD5-B6A2-40CA7C0BC46B}.Release|Any CPU.Build.0 = Release|Any CPU
		{FB3F9238-00AB-4AD3-A565-EB490B8F17C8}.Debug|Any CPU.ActiveCfg = Debug|Any CPU
		{FB3F9238-00AB-4AD3-A565-EB490B8F17C8}.Debug|Any CPU.Build.0 = Debug|Any CPU
		{FB3F9238-00AB-4AD3-A565-EB490B8F17C8}.Release|Any CPU.ActiveCfg = Release|Any CPU
		{FB3F9238-00AB-4AD3-A565-EB490B8F17C8}.Release|Any CPU.Build.0 = Release|Any CPU
		{DC739D25-7E19-4910-9BA8-22ED541FFF2B}.Debug|Any CPU.ActiveCfg = Debug|Any CPU
		{DC739D25-7E19-4910-9BA8-22ED541FFF2B}.Debug|Any CPU.Build.0 = Debug|Any CPU
		{DC739D25-7E19-4910-9BA8-22ED541FFF2B}.Release|Any CPU.ActiveCfg = Release|Any CPU
		{DC739D25-7E19-4910-9BA8-22ED541FFF2B}.Release|Any CPU.Build.0 = Release|Any CPU
	EndGlobalSection
	GlobalSection(SolutionProperties) = preSolution
		HideSolutionNode = FALSE
	EndGlobalSection
	GlobalSection(ExtensibilityGlobals) = postSolution
		SolutionGuid = {6E3568DB-0B2A-4C6F-97CA-C6B3DB176538}
	EndGlobalSection
EndGlobal
